// !$*UTF8*$!
{
	archiveVersion = 1;
	classes = {
	};
	objectVersion = 50;
	objects = {

/* Begin PBXBuildFile section */
		7F3623B624F46941002FFF50 /* AppDelegate.swift in Sources */ = {isa = PBXBuildFile; fileRef = 7F3623B524F46941002FFF50 /* AppDelegate.swift */; };
		7F3623B824F46941002FFF50 /* SceneDelegate.swift in Sources */ = {isa = PBXBuildFile; fileRef = 7F3623B724F46941002FFF50 /* SceneDelegate.swift */; };
		7F3623BD24F46941002FFF50 /* Main.storyboard in Resources */ = {isa = PBXBuildFile; fileRef = 7F3623BB24F46941002FFF50 /* Main.storyboard */; };
		7F3623BF24F46947002FFF50 /* Assets.xcassets in Resources */ = {isa = PBXBuildFile; fileRef = 7F3623BE24F46947002FFF50 /* Assets.xcassets */; };
		7F3623C224F46947002FFF50 /* LaunchScreen.storyboard in Resources */ = {isa = PBXBuildFile; fileRef = 7F3623C024F46947002FFF50 /* LaunchScreen.storyboard */; };
		7F3623CA24F46962002FFF50 /* TableViewController.swift in Sources */ = {isa = PBXBuildFile; fileRef = 7F3623C924F46962002FFF50 /* TableViewController.swift */; };
		7F3623CC24F68944002FFF50 /* TableViewCell.swift in Sources */ = {isa = PBXBuildFile; fileRef = 7F3623CB24F68944002FFF50 /* TableViewCell.swift */; };
		7F797B3024FA0D7A007EDCD6 /* AddViewController.swift in Sources */ = {isa = PBXBuildFile; fileRef = 7F797B2F24FA0D7A007EDCD6 /* AddViewController.swift */; };
/* End PBXBuildFile section */

/* Begin PBXFileReference section */
		7F3623B224F46941002FFF50 /* kadai13_first.app */ = {isa = PBXFileReference; explicitFileType = wrapper.application; includeInIndex = 0; path = kadai13_first.app; sourceTree = BUILT_PRODUCTS_DIR; };
		7F3623B524F46941002FFF50 /* AppDelegate.swift */ = {isa = PBXFileReference; lastKnownFileType = sourcecode.swift; path = AppDelegate.swift; sourceTree = "<group>"; };
		7F3623B724F46941002FFF50 /* SceneDelegate.swift */ = {isa = PBXFileReference; lastKnownFileType = sourcecode.swift; path = SceneDelegate.swift; sourceTree = "<group>"; };
		7F3623BC24F46941002FFF50 /* Base */ = {isa = PBXFileReference; lastKnownFileType = file.storyboard; name = Base; path = Base.lproj/Main.storyboard; sourceTree = "<group>"; };
		7F3623BE24F46947002FFF50 /* Assets.xcassets */ = {isa = PBXFileReference; lastKnownFileType = folder.assetcatalog; path = Assets.xcassets; sourceTree = "<group>"; };
		7F3623C124F46947002FFF50 /* Base */ = {isa = PBXFileReference; lastKnownFileType = file.storyboard; name = Base; path = Base.lproj/LaunchScreen.storyboard; sourceTree = "<group>"; };
		7F3623C324F46947002FFF50 /* Info.plist */ = {isa = PBXFileReference; lastKnownFileType = text.plist.xml; path = Info.plist; sourceTree = "<group>"; };
		7F3623C924F46962002FFF50 /* TableViewController.swift */ = {isa = PBXFileReference; lastKnownFileType = sourcecode.swift; path = TableViewController.swift; sourceTree = "<group>"; };
		7F3623CB24F68944002FFF50 /* TableViewCell.swift */ = {isa = PBXFileReference; lastKnownFileType = sourcecode.swift; path = TableViewCell.swift; sourceTree = "<group>"; };
		7F612F8924FCE393000FE566 /* MyPlayground.playground */ = {isa = PBXFileReference; lastKnownFileType = file.playground; path = MyPlayground.playground; sourceTree = "<group>"; xcLanguageSpecificationIdentifier = xcode.lang.swift; };
		7F797B2F24FA0D7A007EDCD6 /* AddViewController.swift */ = {isa = PBXFileReference; lastKnownFileType = sourcecode.swift; path = AddViewController.swift; sourceTree = "<group>"; };
/* End PBXFileReference section */

/* Begin PBXFrameworksBuildPhase section */
		7F3623AF24F46941002FFF50 /* Frameworks */ = {
			isa = PBXFrameworksBuildPhase;
			buildActionMask = 2147483647;
			files = (
			);
			runOnlyForDeploymentPostprocessing = 0;
		};
/* End PBXFrameworksBuildPhase section */

/* Begin PBXGroup section */
		7F3623A924F46941002FFF50 = {
			isa = PBXGroup;
			children = (
				7F3623B424F46941002FFF50 /* kadai13_first */,
				7F3623B324F46941002FFF50 /* Products */,
			);
			sourceTree = "<group>";
		};
		7F3623B324F46941002FFF50 /* Products */ = {
			isa = PBXGroup;
			children = (
				7F3623B224F46941002FFF50 /* kadai13_first.app */,
			);
			name = Products;
			sourceTree = "<group>";
		};
		7F3623B424F46941002FFF50 /* kadai13_first */ = {
			isa = PBXGroup;
			children = (
				7F3623B524F46941002FFF50 /* AppDelegate.swift */,
				7F3623B724F46941002FFF50 /* SceneDelegate.swift */,
				7F3623C924F46962002FFF50 /* TableViewController.swift */,
				7F797B2F24FA0D7A007EDCD6 /* AddViewController.swift */,
				7F3623CB24F68944002FFF50 /* TableViewCell.swift */,
				7F3623BB24F46941002FFF50 /* Main.storyboard */,
				7F3623BE24F46947002FFF50 /* Assets.xcassets */,
				7F3623C024F46947002FFF50 /* LaunchScreen.storyboard */,
				7F3623C324F46947002FFF50 /* Info.plist */,
				7F612F8924FCE393000FE566 /* MyPlayground.playground */,
			);
			path = kadai13_first;
			sourceTree = "<group>";
		};
/* End PBXGroup section */

/* Begin PBXNativeTarget section */
		7F3623B124F46941002FFF50 /* kadai13_first */ = {
			isa = PBXNativeTarget;
			buildConfigurationList = 7F3623C624F46947002FFF50 /* Build configuration list for PBXNativeTarget "kadai13_first" */;
			buildPhases = (
				7F3623AE24F46941002FFF50 /* Sources */,
				7F3623AF24F46941002FFF50 /* Frameworks */,
				7F3623B024F46941002FFF50 /* Resources */,
			);
			buildRules = (
			);
			dependencies = (
			);
			name = kadai13_first;
			productName = kadai13_first;
			productReference = 7F3623B224F46941002FFF50 /* kadai13_first.app */;
			productType = "com.apple.product-type.application";
		};
/* End PBXNativeTarget section */

/* Begin PBXProject section */
		7F3623AA24F46941002FFF50 /* Project object */ = {
			isa = PBXProject;
			attributes = {
				LastSwiftUpdateCheck = 1160;
				LastUpgradeCheck = 1160;
				ORGANIZATIONNAME = mitsugu.shiratori;
				TargetAttributes = {
					7F3623B124F46941002FFF50 = {
						CreatedOnToolsVersion = 11.6;
					};
				};
			};
			buildConfigurationList = 7F3623AD24F46941002FFF50 /* Build configuration list for PBXProject "kadai13_first" */;
			compatibilityVersion = "Xcode 9.3";
			developmentRegion = en;
			hasScannedForEncodings = 0;
			knownRegions = (
				en,
				Base,
			);
			mainGroup = 7F3623A924F46941002FFF50;
			productRefGroup = 7F3623B324F46941002FFF50 /* Products */;
			projectDirPath = "";
			projectRoot = "";
			targets = (
				7F3623B124F46941002FFF50 /* kadai13_first */,
			);
		};
/* End PBXProject section */

/* Begin PBXResourcesBuildPhase section */
		7F3623B024F46941002FFF50 /* Resources */ = {
			isa = PBXResourcesBuildPhase;
			buildActionMask = 2147483647;
			files = (
				7F3623C224F46947002FFF50 /* LaunchScreen.storyboard in Resources */,
				7F3623BF24F46947002FFF50 /* Assets.xcassets in Resources */,
				7F3623BD24F46941002FFF50 /* Main.storyboard in Resources */,
			);
			runOnlyForDeploymentPostprocessing = 0;
		};
/* End PBXResourcesBuildPhase section */

/* Begin PBXSourcesBuildPhase section */
		7F3623AE24F46941002FFF50 /* Sources */ = {
			isa = PBXSourcesBuildPhase;
			buildActionMask = 2147483647;
			files = (
				7F797B3024FA0D7A007EDCD6 /* AddViewController.swift in Sources */,
				7F3623B624F46941002FFF50 /* AppDelegate.swift in Sources */,
				7F3623CC24F68944002FFF50 /* TableViewCell.swift in Sources */,
				7F3623CA24F46962002FFF50 /* TableViewController.swift in Sources */,
				7F3623B824F46941002FFF50 /* SceneDelegate.swift in Sources */,
			);
			runOnlyForDeploymentPostprocessing = 0;
		};
/* End PBXSourcesBuildPhase section */

/* Begin PBXVariantGroup section */
		7F3623BB24F46941002FFF50 /* Main.storyboard */ = {
			isa = PBXVariantGroup;
			children = (
				7F3623BC24F46941002FFF50 /* Base */,
			);
			name = Main.storyboard;
			sourceTree = "<group>";
		};
		7F3623C024F46947002FFF50 /* LaunchScreen.storyboard */ = {
			isa = PBXVariantGroup;
			children = (
				7F3623C124F46947002FFF50 /* Base */,
			);
			name = LaunchScreen.storyboard;
			sourceTree = "<group>";
		};
/* End PBXVariantGroup section */

/* Begin XCBuildConfiguration section */
		7F3623C424F46947002FFF50 /* Debug */ = {
			isa = XCBuildConfiguration;
			buildSettings = {
				ALWAYS_SEARCH_USER_PATHS = NO;
				CLANG_ANALYZER_NONNULL = YES;
				CLANG_ANALYZER_NUMBER_OBJECT_CONVERSION = YES_AGGRESSIVE;
				CLANG_CXX_LANGUAGE_STANDARD = "gnu++14";
				CLANG_CXX_LIBRARY = "libc++";
				CLANG_ENABLE_MODULES = YES;
				CLANG_ENABLE_OBJC_ARC = YES;
				CLANG_ENABLE_OBJC_WEAK = YES;
				CLANG_WARN_BLOCK_CAPTURE_AUTORELEASING = YES;
				CLANG_WARN_BOOL_CONVERSION = YES;
				CLANG_WARN_COMMA = YES;
				CLANG_WARN_CONSTANT_CONVERSION = YES;
				CLANG_WARN_DEPRECATED_OBJC_IMPLEMENTATIONS = YES;
				CLANG_WARN_DIRECT_OBJC_ISA_USAGE = YES_ERROR;
				CLANG_WARN_DOCUMENTATION_COMMENTS = YES;
				CLANG_WARN_EMPTY_BODY = YES;
				CLANG_WARN_ENUM_CONVERSION = YES;
				CLANG_WARN_INFINITE_RECURSION = YES;
				CLANG_WARN_INT_CONVERSION = YES;
				CLANG_WARN_NON_LITERAL_NULL_CONVERSION = YES;
				CLANG_WARN_OBJC_IMPLICIT_RETAIN_SELF = YES;
				CLANG_WARN_OBJC_LITERAL_CONVERSION = YES;
				CLANG_WARN_OBJC_ROOT_CLASS = YES_ERROR;
				CLANG_WARN_RANGE_LOOP_ANALYSIS = YES;
				CLANG_WARN_STRICT_PROTOTYPES = YES;
				CLANG_WARN_SUSPICIOUS_MOVE = YES;
				CLANG_WARN_UNGUARDED_AVAILABILITY = YES_AGGRESSIVE;
				CLANG_WARN_UNREACHABLE_CODE = YES;
				CLANG_WARN__DUPLICATE_METHOD_MATCH = YES;
				COPY_PHASE_STRIP = NO;
				DEBUG_INFORMATION_FORMAT = dwarf;
				ENABLE_STRICT_OBJC_MSGSEND = YES;
				ENABLE_TESTABILITY = YES;
				GCC_C_LANGUAGE_STANDARD = gnu11;
				GCC_DYNAMIC_NO_PIC = NO;
				GCC_NO_COMMON_BLOCKS = YES;
				GCC_OPTIMIZATION_LEVEL = 0;
				GCC_PREPROCESSOR_DEFINITIONS = (
					"DEBUG=1",
					"$(inherited)",
				);
				GCC_WARN_64_TO_32_BIT_CONVERSION = YES;
				GCC_WARN_ABOUT_RETURN_TYPE = YES_ERROR;
				GCC_WARN_UNDECLARED_SELECTOR = YES;
				GCC_WARN_UNINITIALIZED_AUTOS = YES_AGGRESSIVE;
				GCC_WARN_UNUSED_FUNCTION = YES;
				GCC_WARN_UNUSED_VARIABLE = YES;
				IPHONEOS_DEPLOYMENT_TARGET = 13.6;
				MTL_ENABLE_DEBUG_INFO = INCLUDE_SOURCE;
				MTL_FAST_MATH = YES;
				ONLY_ACTIVE_ARCH = YES;
				SDKROOT = iphoneos;
				SWIFT_ACTIVE_COMPILATION_CONDITIONS = DEBUG;
				SWIFT_OPTIMIZATION_LEVEL = "-Onone";
			};
			name = Debug;
		};
		7F3623C524F46947002FFF50 /* Release */ = {
			isa = XCBuildConfiguration;
			buildSettings = {
				ALWAYS_SEARCH_USER_PATHS = NO;
				CLANG_ANALYZER_NONNULL = YES;
				CLANG_ANALYZER_NUMBER_OBJECT_CONVERSION = YES_AGGRESSIVE;
				CLANG_CXX_LANGUAGE_STANDARD = "gnu++14";
				CLANG_CXX_LIBRARY = "libc++";
				CLANG_ENABLE_MODULES = YES;
				CLANG_ENABLE_OBJC_ARC = YES;
				CLANG_ENABLE_OBJC_WEAK = YES;
				CLANG_WARN_BLOCK_CAPTURE_AUTORELEASING = YES;
				CLANG_WARN_BOOL_CONVERSION = YES;
				CLANG_WARN_COMMA = YES;
				CLANG_WARN_CONSTANT_CONVERSION = YES;
				CLANG_WARN_DEPRECATED_OBJC_IMPLEMENTATIONS = YES;
				CLANG_WARN_DIRECT_OBJC_ISA_USAGE = YES_ERROR;
				CLANG_WARN_DOCUMENTATION_COMMENTS = YES;
				CLANG_WARN_EMPTY_BODY = YES;
				CLANG_WARN_ENUM_CONVERSION = YES;
				CLANG_WARN_INFINITE_RECURSION = YES;
				CLANG_WARN_INT_CONVERSION = YES;
				CLANG_WARN_NON_LITERAL_NULL_CONVERSION = YES;
				CLANG_WARN_OBJC_IMPLICIT_RETAIN_SELF = YES;
				CLANG_WARN_OBJC_LITERAL_CONVERSION = YES;
				CLANG_WARN_OBJC_ROOT_CLASS = YES_ERROR;
				CLANG_WARN_RANGE_LOOP_ANALYSIS = YES;
				CLANG_WARN_STRICT_PROTOTYPES = YES;
				CLANG_WARN_SUSPICIOUS_MOVE = YES;
				CLANG_WARN_UNGUARDED_AVAILABILITY = YES_AGGRESSIVE;
				CLANG_WARN_UNREACHABLE_CODE = YES;
				CLANG_WARN__DUPLICATE_METHOD_MATCH = YES;
				COPY_PHASE_STRIP = NO;
				DEBUG_INFORMATION_FORMAT = "dwarf-with-dsym";
				ENABLE_NS_ASSERTIONS = NO;
				ENABLE_STRICT_OBJC_MSGSEND = YES;
				GCC_C_LANGUAGE_STANDARD = gnu11;
				GCC_NO_COMMON_BLOCKS = YES;
				GCC_WARN_64_TO_32_BIT_CONVERSION = YES;
				GCC_WARN_ABOUT_RETURN_TYPE = YES_ERROR;
				GCC_WARN_UNDECLARED_SELECTOR = YES;
				GCC_WARN_UNINITIALIZED_AUTOS = YES_AGGRESSIVE;
				GCC_WARN_UNUSED_FUNCTION = YES;
				GCC_WARN_UNUSED_VARIABLE = YES;
				IPHONEOS_DEPLOYMENT_TARGET = 13.6;
				MTL_ENABLE_DEBUG_INFO = NO;
				MTL_FAST_MATH = YES;
				SDKROOT = iphoneos;
				SWIFT_COMPILATION_MODE = wholemodule;
				SWIFT_OPTIMIZATION_LEVEL = "-O";
				VALIDATE_PRODUCT = YES;
			};
			name = Release;
		};
		7F3623C724F46947002FFF50 /* Debug */ = {
			isa = XCBuildConfiguration;
			buildSettings = {
				ASSETCATALOG_COMPILER_APPICON_NAME = AppIcon;
				CODE_SIGN_STYLE = Automatic;
				DEVELOPMENT_TEAM = MAKBYY44CQ;
				INFOPLIST_FILE = kadai13_first/Info.plist;
				LD_RUNPATH_SEARCH_PATHS = (
					"$(inherited)",
					"@executable_path/Frameworks",
				);
				PRODUCT_BUNDLE_IDENTIFIER = "com.gmail.nangkuhinano.kadai13-first";
				PRODUCT_NAME = "$(TARGET_NAME)";
				SWIFT_VERSION = 5.0;
				TARGETED_DEVICE_FAMILY = "1,2";
			};
			name = Debug;
		};
		7F3623C824F46947002FFF50 /* Release */ = {
			isa = XCBuildConfiguration;
			buildSettings = {
				ASSETCATALOG_COMPILER_APPICON_NAME = AppIcon;
				CODE_SIGN_STYLE = Automatic;
				DEVELOPMENT_TEAM = MAKBYY44CQ;
				INFOPLIST_FILE = kadai13_first/Info.plist;
				LD_RUNPATH_SEARCH_PATHS = (
					"$(inherited)",
					"@executable_path/Frameworks",
				);
				PRODUCT_BUNDLE_IDENTIFIER = "com.gmail.nangkuhinano.kadai13-first";
				PRODUCT_NAME = "$(TARGET_NAME)";
				SWIFT_VERSION = 5.0;
				TARGETED_DEVICE_FAMILY = "1,2";
			};
			name = Release;
		};
/* End XCBuildConfiguration section */

/* Begin XCConfigurationList section */
		7F3623AD24F46941002FFF50 /* Build configuration list for PBXProject "kadai13_first" */ = {
			isa = XCConfigurationList;
			buildConfigurations = (
				7F3623C424F46947002FFF50 /* Debug */,
				7F3623C524F46947002FFF50 /* Release */,
			);
			defaultConfigurationIsVisible = 0;
			defaultConfigurationName = Release;
		};
		7F3623C624F46947002FFF50 /* Build configuration list for PBXNativeTarget "kadai13_first" */ = {
			isa = XCConfigurationList;
			buildConfigurations = (
				7F3623C724F46947002FFF50 /* Debug */,
				7F3623C824F46947002FFF50 /* Release */,
			);
			defaultConfigurationIsVisible = 0;
			defaultConfigurationName = Release;
		};
/* End XCConfigurationList section */
	};
	rootObject = 7F3623AA24F46941002FFF50 /* Project object */;
}
